
Microsoft Visual Studio Solution File, Format Version 12.00
# Visual Studio Version 17
VisualStudioVersion = 17.3.32901.215
MinimumVisualStudioVersion = 10.0.40219.1
Project("{9A19103F-16F7-4668-BE54-9A1E7A4F7556}") = "TryDontDie", "TryDontDie\TryDontDie.csproj", "{2396BF25-17E1-448D-818C-5EE82FD09008}"
EndProject
Project("{9A19103F-16F7-4668-BE54-9A1E7A4F7556}") = "WPFHomework", "WPFHomework\WPFHomework.csproj", "{16EDC6AF-8016-4918-AF29-DE643B8D0255}"
EndProject
Project("{9A19103F-16F7-4668-BE54-9A1E7A4F7556}") = "ConcurentList", "ConcurentList\ConcurentList.csproj", "{F1251C82-979E-435D-808B-88FC09366083}"
EndProject
Project("{FAE04EC0-301F-11D3-BF4B-00C04F79EFBC}") = "MicroThreadPull", "MicroThreadPull\MicroThreadPull.csproj", "{6FFEC6D9-3A09-4F10-A5FC-D96CF2D32725}"
EndProject
Project("{FAE04EC0-301F-11D3-BF4B-00C04F79EFBC}") = "BuilderHW3.1", "BuilderHW3.1\BuilderHW3.1.csproj", "{F7193DA8-3DC4-4093-914B-C78485150A6A}"
EndProject
Global
	GlobalSection(SolutionConfigurationPlatforms) = preSolution
		Debug|Any CPU = Debug|Any CPU
		Release|Any CPU = Release|Any CPU
	EndGlobalSection
	GlobalSection(ProjectConfigurationPlatforms) = postSolution
		{2396BF25-17E1-448D-818C-5EE82FD09008}.Debug|Any CPU.ActiveCfg = Debug|Any CPU
		{2396BF25-17E1-448D-818C-5EE82FD09008}.Debug|Any CPU.Build.0 = Debug|Any CPU
		{2396BF25-17E1-448D-818C-5EE82FD09008}.Release|Any CPU.ActiveCfg = Release|Any CPU
		{2396BF25-17E1-448D-818C-5EE82FD09008}.Release|Any CPU.Build.0 = Release|Any CPU
		{16EDC6AF-8016-4918-AF29-DE643B8D0255}.Debug|Any CPU.ActiveCfg = Debug|Any CPU
		{16EDC6AF-8016-4918-AF29-DE643B8D0255}.Debug|Any CPU.Build.0 = Debug|Any CPU
		{16EDC6AF-8016-4918-AF29-DE643B8D0255}.Release|Any CPU.ActiveCfg = Release|Any CPU
		{16EDC6AF-8016-4918-AF29-DE643B8D0255}.Release|Any CPU.Build.0 = Release|Any CPU
		{F1251C82-979E-435D-808B-88FC09366083}.Debug|Any CPU.ActiveCfg = Debug|Any CPU
		{F1251C82-979E-435D-808B-88FC09366083}.Debug|Any CPU.Build.0 = Debug|Any CPU
		{F1251C82-979E-435D-808B-88FC09366083}.Release|Any CPU.ActiveCfg = Release|Any CPU
		{F1251C82-979E-435D-808B-88FC09366083}.Release|Any CPU.Build.0 = Release|Any CPU
		{6FFEC6D9-3A09-4F10-A5FC-D96CF2D32725}.Debug|Any CPU.ActiveCfg = Debug|Any CPU
		{6FFEC6D9-3A09-4F10-A5FC-D96CF2D32725}.Debug|Any CPU.Build.0 = Debug|Any CPU
		{6FFEC6D9-3A09-4F10-A5FC-D96CF2D32725}.Release|Any CPU.ActiveCfg = Release|Any CPU
		{6FFEC6D9-3A09-4F10-A5FC-D96CF2D32725}.Release|Any CPU.Build.0 = Release|Any CPU
		{F7193DA8-3DC4-4093-914B-C78485150A6A}.Debug|Any CPU.ActiveCfg = Debug|Any CPU
		{F7193DA8-3DC4-4093-914B-C78485150A6A}.Debug|Any CPU.Build.0 = Debug|Any CPU
		{F7193DA8-3DC4-4093-914B-C78485150A6A}.Release|Any CPU.ActiveCfg = Release|Any CPU
		{F7193DA8-3DC4-4093-914B-C78485150A6A}.Release|Any CPU.Build.0 = Release|Any CPU
	EndGlobalSection
	GlobalSection(SolutionProperties) = preSolution
		HideSolutionNode = FALSE
	EndGlobalSection
	GlobalSection(ExtensibilityGlobals) = postSolution
		SolutionGuid = {7C79BCE0-0340-4A2C-A70F-80909E0F82BE}
	EndGlobalSection
EndGlobal
